
Microsoft Visual Studio Solution File, Format Version 12.00
# Visual Studio Version 17
VisualStudioVersion = 17.5.33516.290
MinimumVisualStudioVersion = 10.0.40219.1
Project("{FAE04EC0-301F-11D3-BF4B-00C04F79EFBC}") = "PokeClickAssist", "PokeClickAssist\PokeClickAssist.csproj", "{4D7904EE-8869-41B3-B37D-CE043F222D47}"
EndProject
Global
	GlobalSection(SolutionConfigurationPlatforms) = preSolution
		Debug|Any CPU = Debug|Any CPU
		Release|Any CPU = Release|Any CPU
	EndGlobalSection
	GlobalSection(ProjectConfigurationPlatforms) = postSolution
		{4D7904EE-8869-41B3-B37D-CE043F222D47}.Debug|Any CPU.ActiveCfg = Debug|Any CPU
		{4D7904EE-8869-41B3-B37D-CE043F222D47}.Debug|Any CPU.Build.0 = Debug|Any CPU
		{4D7904EE-8869-41B3-B37D-CE043F222D47}.Release|Any CPU.ActiveCfg = Release|Any CPU
		{4D7904EE-8869-41B3-B37D-CE043F222D47}.Release|Any CPU.Build.0 = Release|Any CPU
	EndGlobalSection
	GlobalSection(SolutionProperties) = preSolution
		HideSolutionNode = FALSE
	EndGlobalSection
	GlobalSection(ExtensibilityGlobals) = postSolution
		SolutionGuid = {6F484C2F-F0A9-4220-9696-304F9D8E94A1}
	EndGlobalSection
EndGlobal
